<?xml version="1.0" encoding="utf-8"?>
<Project ToolsVersion="4.0" xmlns="http://schemas.microsoft.com/developer/msbuild/2003">
  <ItemGroup>
    <Filter Include="源文件">
      <UniqueIdentifier>{4FC737F1-C7A5-4376-A066-2A32D752A2FF}</UniqueIdentifier>
      <Extensions>cpp;c;cc;cxx;c++;cppm;ixx;def;odl;idl;hpj;bat;asm;asmx</Extensions>
    </Filter>
    <Filter Include="头文件">
      <UniqueIdentifier>{93995380-89BD-4b04-88EB-625FBE52EBFB}</UniqueIdentifier>
      <Extensions>h;hh;hpp;hxx;h++;hm;inl;inc;ipp;xsd</Extensions>
    </Filter>
    <Filter Include="资源文件">
      <UniqueIdentifier>{67DA6AB6-F800-4c08-8B7A-83BB121AAD01}</UniqueIdentifier>
      <Extensions>rc;ico;cur;bmp;dlg;rc2;rct;bin;rgs;gif;jpg;jpeg;jpe;resx;tiff;tif;png;wav;mfcribbon-ms</Extensions>
    </Filter>
    <Filter Include="libs">
      <UniqueIdentifier>{b667e2ec-a54d-4d9b-ad7e-4d6af7cb304f}</UniqueIdentifier>
    </Filter>
  </ItemGroup>
  <ItemGroup>
    <ClCompile Include="main.cpp">
      <Filter>源文件</Filter>
    </ClCompile>
  </ItemGroup>
  <ItemGroup>
    <ClInclude Include="emu.h">
      <Filter>源文件</Filter>
    </ClInclude>
    <ClInclude Include="asm2llvmir.h">
      <Filter>源文件</Filter>
    </ClInclude>
  </ItemGroup>
  <ItemGroup>
    <Library Include="..\demox64\triton\release\lib\triton.lib">
      <Filter>libs</Filter>
    </Library>
    <Library Include="..\..\..\LLVM15\Release\lib\clangAnalysis.lib">
      <Filter>libs</Filter>
    </Library>
    <Library Include="..\..\..\LLVM15\Release\lib\clangAnalysisFlowSensitive.lib">
      <Filter>libs</Filter>
    </Library>
    <Library Include="..\..\..\LLVM15\Release\lib\clangAnalysisFlowSensitiveModels.lib">
      <Filter>libs</Filter>
    </Library>
    <Library Include="..\..\..\LLVM15\Release\lib\clangAPINotes.lib">
      <Filter>libs</Filter>
    </Library>
    <Library Include="..\..\..\LLVM15\Release\lib\clangARCMigrate.lib">
      <Filter>libs</Filter>
    </Library>
    <Library Include="..\..\..\LLVM15\Release\lib\clangAST.lib">
      <Filter>libs</Filter>
    </Library>
    <Library Include="..\..\..\LLVM15\Release\lib\clangASTMatchers.lib">
      <Filter>libs</Filter>
    </Library>
    <Library Include="..\..\..\LLVM15\Release\lib\clangBasic.lib">
      <Filter>libs</Filter>
    </Library>
    <Library Include="..\..\..\LLVM15\Release\lib\clangCodeGen.lib">
      <Filter>libs</Filter>
    </Library>
    <Library Include="..\..\..\LLVM15\Release\lib\clangCrossTU.lib">
      <Filter>libs</Filter>
    </Library>
    <Library Include="..\..\..\LLVM15\Release\lib\clangDependencyScanning.lib">
      <Filter>libs</Filter>
    </Library>
    <Library Include="..\..\..\LLVM15\Release\lib\clangDirectoryWatcher.lib">
      <Filter>libs</Filter>
    </Library>
    <Library Include="..\..\..\LLVM15\Release\lib\clangDriver.lib">
      <Filter>libs</Filter>
    </Library>
    <Library Include="..\..\..\LLVM15\Release\lib\clangDynamicASTMatchers.lib">
      <Filter>libs</Filter>
    </Library>
    <Library Include="..\..\..\LLVM15\Release\lib\clangEdit.lib">
      <Filter>libs</Filter>
    </Library>
    <Library Include="..\..\..\LLVM15\Release\lib\clangExtractAPI.lib">
      <Filter>libs</Filter>
    </Library>
    <Library Include="..\..\..\LLVM15\Release\lib\clangFormat.lib">
      <Filter>libs</Filter>
    </Library>
    <Library Include="..\..\..\LLVM15\Release\lib\clangFrontend.lib">
      <Filter>libs</Filter>
    </Library>
    <Library Include="..\..\..\LLVM15\Release\lib\clangFrontendTool.lib">
      <Filter>libs</Filter>
    </Library>
    <Library Include="..\..\..\LLVM15\Release\lib\clangHandleCXX.lib">
      <Filter>libs</Filter>
    </Library>
    <Library Include="..\..\..\LLVM15\Release\lib\clangHandleLLVM.lib">
      <Filter>libs</Filter>
    </Library>
    <Library Include="..\..\..\LLVM15\Release\lib\clangIndex.lib">
      <Filter>libs</Filter>
    </Library>
    <Library Include="..\..\..\LLVM15\Release\lib\clangIndexSerialization.lib">
      <Filter>libs</Filter>
    </Library>
    <Library Include="..\..\..\LLVM15\Release\lib\clangInterpreter.lib">
      <Filter>libs</Filter>
    </Library>
    <Library Include="..\..\..\LLVM15\Release\lib\clangLex.lib">
      <Filter>libs</Filter>
    </Library>
    <Library Include="..\..\..\LLVM15\Release\lib\clangParse.lib">
      <Filter>libs</Filter>
    </Library>
    <Library Include="..\..\..\LLVM15\Release\lib\clangRewrite.lib">
      <Filter>libs</Filter>
    </Library>
    <Library Include="..\..\..\LLVM15\Release\lib\clangRewriteFrontend.lib">
      <Filter>libs</Filter>
    </Library>
    <Library Include="..\..\..\LLVM15\Release\lib\clangSema.lib">
      <Filter>libs</Filter>
    </Library>
    <Library Include="..\..\..\LLVM15\Release\lib\clangSerialization.lib">
      <Filter>libs</Filter>
    </Library>
    <Library Include="..\..\..\LLVM15\Release\lib\clangStaticAnalyzerCheckers.lib">
      <Filter>libs</Filter>
    </Library>
    <Library Include="..\..\..\LLVM15\Release\lib\clangStaticAnalyzerCore.lib">
      <Filter>libs</Filter>
    </Library>
    <Library Include="..\..\..\LLVM15\Release\lib\clangStaticAnalyzerFrontend.lib">
      <Filter>libs</Filter>
    </Library>
    <Library Include="..\..\..\LLVM15\Release\lib\clangSupport.lib">
      <Filter>libs</Filter>
    </Library>
    <Library Include="..\..\..\LLVM15\Release\lib\clangTooling.lib">
      <Filter>libs</Filter>
    </Library>
    <Library Include="..\..\..\LLVM15\Release\lib\clangToolingASTDiff.lib">
      <Filter>libs</Filter>
    </Library>
    <Library Include="..\..\..\LLVM15\Release\lib\clangToolingCore.lib">
      <Filter>libs</Filter>
    </Library>
    <Library Include="..\..\..\LLVM15\Release\lib\clangToolingInclusions.lib">
      <Filter>libs</Filter>
    </Library>
    <Library Include="..\..\..\LLVM15\Release\lib\clangToolingRefactoring.lib">
      <Filter>libs</Filter>
    </Library>
    <Library Include="..\..\..\LLVM15\Release\lib\clangToolingSyntax.lib">
      <Filter>libs</Filter>
    </Library>
    <Library Include="..\..\..\LLVM15\Release\lib\clangTransformer.lib">
      <Filter>libs</Filter>
    </Library>
    <Library Include="..\..\..\LLVM15\Release\lib\libclang.lib">
      <Filter>libs</Filter>
    </Library>
    <Library Include="..\..\..\LLVM15\Release\lib\lldCOFF.lib">
      <Filter>libs</Filter>
    </Library>
    <Library Include="..\..\..\LLVM15\Release\lib\lldCommon.lib">
      <Filter>libs</Filter>
    </Library>
    <Library Include="..\..\..\LLVM15\Release\lib\lldELF.lib">
      <Filter>libs</Filter>
    </Library>
    <Library Include="..\..\..\LLVM15\Release\lib\lldMachO.lib">
      <Filter>libs</Filter>
    </Library>
    <Library Include="..\..\..\LLVM15\Release\lib\lldMinGW.lib">
      <Filter>libs</Filter>
    </Library>
    <Library Include="..\..\..\LLVM15\Release\lib\lldWasm.lib">
      <Filter>libs</Filter>
    </Library>
    <Library Include="..\..\..\LLVM15\Release\lib\LLVMAArch64AsmParser.lib">
      <Filter>libs</Filter>
    </Library>
    <Library Include="..\..\..\LLVM15\Release\lib\LLVMAArch64CodeGen.lib">
      <Filter>libs</Filter>
    </Library>
    <Library Include="..\..\..\LLVM15\Release\lib\LLVMAArch64Desc.lib">
      <Filter>libs</Filter>
    </Library>
    <Library Include="..\..\..\LLVM15\Release\lib\LLVMAArch64Disassembler.lib">
      <Filter>libs</Filter>
    </Library>
    <Library Include="..\..\..\LLVM15\Release\lib\LLVMAArch64Info.lib">
      <Filter>libs</Filter>
    </Library>
    <Library Include="..\..\..\LLVM15\Release\lib\LLVMAArch64Utils.lib">
      <Filter>libs</Filter>
    </Library>
    <Library Include="..\..\..\LLVM15\Release\lib\LLVMAggressiveInstCombine.lib">
      <Filter>libs</Filter>
    </Library>
    <Library Include="..\..\..\LLVM15\Release\lib\LLVMAMDGPUAsmParser.lib">
      <Filter>libs</Filter>
    </Library>
    <Library Include="..\..\..\LLVM15\Release\lib\LLVMAMDGPUCodeGen.lib">
      <Filter>libs</Filter>
    </Library>
    <Library Include="..\..\..\LLVM15\Release\lib\LLVMAMDGPUDesc.lib">
      <Filter>libs</Filter>
    </Library>
    <Library Include="..\..\..\LLVM15\Release\lib\LLVMAMDGPUDisassembler.lib">
      <Filter>libs</Filter>
    </Library>
    <Library Include="..\..\..\LLVM15\Release\lib\LLVMAMDGPUInfo.lib">
      <Filter>libs</Filter>
    </Library>
    <Library Include="..\..\..\LLVM15\Release\lib\LLVMAMDGPUTargetMCA.lib">
      <Filter>libs</Filter>
    </Library>
    <Library Include="..\..\..\LLVM15\Release\lib\LLVMAMDGPUUtils.lib">
      <Filter>libs</Filter>
    </Library>
    <Library Include="..\..\..\LLVM15\Release\lib\LLVMAnalysis.lib">
      <Filter>libs</Filter>
    </Library>
    <Library Include="..\..\..\LLVM15\Release\lib\LLVMARMAsmParser.lib">
      <Filter>libs</Filter>
    </Library>
    <Library Include="..\..\..\LLVM15\Release\lib\LLVMARMCodeGen.lib">
      <Filter>libs</Filter>
    </Library>
    <Library Include="..\..\..\LLVM15\Release\lib\LLVMARMDesc.lib">
      <Filter>libs</Filter>
    </Library>
    <Library Include="..\..\..\LLVM15\Release\lib\LLVMARMDisassembler.lib">
      <Filter>libs</Filter>
    </Library>
    <Library Include="..\..\..\LLVM15\Release\lib\LLVMARMInfo.lib">
      <Filter>libs</Filter>
    </Library>
    <Library Include="..\..\..\LLVM15\Release\lib\LLVMARMUtils.lib">
      <Filter>libs</Filter>
    </Library>
    <Library Include="..\..\..\LLVM15\Release\lib\LLVMAsmParser.lib">
      <Filter>libs</Filter>
    </Library>
    <Library Include="..\..\..\LLVM15\Release\lib\LLVMAsmPrinter.lib">
      <Filter>libs</Filter>
    </Library>
    <Library Include="..\..\..\LLVM15\Release\lib\LLVMAVRAsmParser.lib">
      <Filter>libs</Filter>
    </Library>
    <Library Include="..\..\..\LLVM15\Release\lib\LLVMAVRCodeGen.lib">
      <Filter>libs</Filter>
    </Library>
    <Library Include="..\..\..\LLVM15\Release\lib\LLVMAVRDesc.lib">
      <Filter>libs</Filter>
    </Library>
    <Library Include="..\..\..\LLVM15\Release\lib\LLVMAVRDisassembler.lib">
      <Filter>libs</Filter>
    </Library>
    <Library Include="..\..\..\LLVM15\Release\lib\LLVMAVRInfo.lib">
      <Filter>libs</Filter>
    </Library>
    <Library Include="..\..\..\LLVM15\Release\lib\LLVMBinaryFormat.lib">
      <Filter>libs</Filter>
    </Library>
    <Library Include="..\..\..\LLVM15\Release\lib\LLVMBitReader.lib">
      <Filter>libs</Filter>
    </Library>
    <Library Include="..\..\..\LLVM15\Release\lib\LLVMBitstreamReader.lib">
      <Filter>libs</Filter>
    </Library>
    <Library Include="..\..\..\LLVM15\Release\lib\LLVMBitWriter.lib">
      <Filter>libs</Filter>
    </Library>
    <Library Include="..\..\..\LLVM15\Release\lib\LLVMBPFAsmParser.lib">
      <Filter>libs</Filter>
    </Library>
    <Library Include="..\..\..\LLVM15\Release\lib\LLVMBPFCodeGen.lib">
      <Filter>libs</Filter>
    </Library>
    <Library Include="..\..\..\LLVM15\Release\lib\LLVMBPFDesc.lib">
      <Filter>libs</Filter>
    </Library>
    <Library Include="..\..\..\LLVM15\Release\lib\LLVMBPFDisassembler.lib">
      <Filter>libs</Filter>
    </Library>
    <Library Include="..\..\..\LLVM15\Release\lib\LLVMBPFInfo.lib">
      <Filter>libs</Filter>
    </Library>
    <Library Include="..\..\..\LLVM15\Release\lib\LLVM-C.lib">
      <Filter>libs</Filter>
    </Library>
    <Library Include="..\..\..\LLVM15\Release\lib\LLVMCFGuard.lib">
      <Filter>libs</Filter>
    </Library>
    <Library Include="..\..\..\LLVM15\Release\lib\LLVMCFIVerify.lib">
      <Filter>libs</Filter>
    </Library>
    <Library Include="..\..\..\LLVM15\Release\lib\LLVMCodeGen.lib">
      <Filter>libs</Filter>
    </Library>
    <Library Include="..\..\..\LLVM15\Release\lib\LLVMCore.lib">
      <Filter>libs</Filter>
    </Library>
    <Library Include="..\..\..\LLVM15\Release\lib\LLVMCoroutines.lib">
      <Filter>libs</Filter>
    </Library>
    <Library Include="..\..\..\LLVM15\Release\lib\LLVMCoverage.lib">
      <Filter>libs</Filter>
    </Library>
    <Library Include="..\..\..\LLVM15\Release\lib\LLVMDebugInfoCodeView.lib">
      <Filter>libs</Filter>
    </Library>
    <Library Include="..\..\..\LLVM15\Release\lib\LLVMDebuginfod.lib">
      <Filter>libs</Filter>
    </Library>
    <Library Include="..\..\..\LLVM15\Release\lib\LLVMDebugInfoDWARF.lib">
      <Filter>libs</Filter>
    </Library>
    <Library Include="..\..\..\LLVM15\Release\lib\LLVMDebugInfoGSYM.lib">
      <Filter>libs</Filter>
    </Library>
    <Library Include="..\..\..\LLVM15\Release\lib\LLVMDebugInfoMSF.lib">
      <Filter>libs</Filter>
    </Library>
    <Library Include="..\..\..\LLVM15\Release\lib\LLVMDebugInfoPDB.lib">
      <Filter>libs</Filter>
    </Library>
    <Library Include="..\..\..\LLVM15\Release\lib\LLVMDemangle.lib">
      <Filter>libs</Filter>
    </Library>
    <Library Include="..\..\..\LLVM15\Release\lib\LLVMDiff.lib">
      <Filter>libs</Filter>
    </Library>
    <Library Include="..\..\..\LLVM15\Release\lib\LLVMDlltoolDriver.lib">
      <Filter>libs</Filter>
    </Library>
    <Library Include="..\..\..\LLVM15\Release\lib\LLVMDWARFLinker.lib">
      <Filter>libs</Filter>
    </Library>
    <Library Include="..\..\..\LLVM15\Release\lib\LLVMDWP.lib">
      <Filter>libs</Filter>
    </Library>
    <Library Include="..\..\..\LLVM15\Release\lib\LLVMExecutionEngine.lib">
      <Filter>libs</Filter>
    </Library>
    <Library Include="..\..\..\LLVM15\Release\lib\LLVMExegesis.lib">
      <Filter>libs</Filter>
    </Library>
    <Library Include="..\..\..\LLVM15\Release\lib\LLVMExegesisAArch64.lib">
      <Filter>libs</Filter>
    </Library>
    <Library Include="..\..\..\LLVM15\Release\lib\LLVMExegesisMips.lib">
      <Filter>libs</Filter>
    </Library>
    <Library Include="..\..\..\LLVM15\Release\lib\LLVMExegesisPowerPC.lib">
      <Filter>libs</Filter>
    </Library>
    <Library Include="..\..\..\LLVM15\Release\lib\LLVMExegesisX86.lib">
      <Filter>libs</Filter>
    </Library>
    <Library Include="..\..\..\LLVM15\Release\lib\LLVMExtensions.lib">
      <Filter>libs</Filter>
    </Library>
    <Library Include="..\..\..\LLVM15\Release\lib\LLVMFileCheck.lib">
      <Filter>libs</Filter>
    </Library>
    <Library Include="..\..\..\LLVM15\Release\lib\LLVMFrontendOpenACC.lib">
      <Filter>libs</Filter>
    </Library>
    <Library Include="..\..\..\LLVM15\Release\lib\LLVMFrontendOpenMP.lib">
      <Filter>libs</Filter>
    </Library>
    <Library Include="..\..\..\LLVM15\Release\lib\LLVMFuzzerCLI.lib">
      <Filter>libs</Filter>
    </Library>
    <Library Include="..\..\..\LLVM15\Release\lib\LLVMFuzzMutate.lib">
      <Filter>libs</Filter>
    </Library>
    <Library Include="..\..\..\LLVM15\Release\lib\LLVMGlobalISel.lib">
      <Filter>libs</Filter>
    </Library>
    <Library Include="..\..\..\LLVM15\Release\lib\LLVMHexagonAsmParser.lib">
      <Filter>libs</Filter>
    </Library>
    <Library Include="..\..\..\LLVM15\Release\lib\LLVMHexagonCodeGen.lib">
      <Filter>libs</Filter>
    </Library>
    <Library Include="..\..\..\LLVM15\Release\lib\LLVMHexagonDesc.lib">
      <Filter>libs</Filter>
    </Library>
    <Library Include="..\..\..\LLVM15\Release\lib\LLVMHexagonDisassembler.lib">
      <Filter>libs</Filter>
    </Library>
    <Library Include="..\..\..\LLVM15\Release\lib\LLVMHexagonInfo.lib">
      <Filter>libs</Filter>
    </Library>
    <Library Include="..\..\..\LLVM15\Release\lib\LLVMInstCombine.lib">
      <Filter>libs</Filter>
    </Library>
    <Library Include="..\..\..\LLVM15\Release\lib\LLVMInstrumentation.lib">
      <Filter>libs</Filter>
    </Library>
    <Library Include="..\..\..\LLVM15\Release\lib\LLVMInterfaceStub.lib">
      <Filter>libs</Filter>
    </Library>
    <Library Include="..\..\..\LLVM15\Release\lib\LLVMInterpreter.lib">
      <Filter>libs</Filter>
    </Library>
    <Library Include="..\..\..\LLVM15\Release\lib\LLVMipo.lib">
      <Filter>libs</Filter>
    </Library>
    <Library Include="..\..\..\LLVM15\Release\lib\LLVMIRReader.lib">
      <Filter>libs</Filter>
    </Library>
    <Library Include="..\..\..\LLVM15\Release\lib\LLVMJITLink.lib">
      <Filter>libs</Filter>
    </Library>
    <Library Include="..\..\..\LLVM15\Release\lib\LLVMLanaiAsmParser.lib">
      <Filter>libs</Filter>
    </Library>
    <Library Include="..\..\..\LLVM15\Release\lib\LLVMLanaiCodeGen.lib">
      <Filter>libs</Filter>
    </Library>
    <Library Include="..\..\..\LLVM15\Release\lib\LLVMLanaiDesc.lib">
      <Filter>libs</Filter>
    </Library>
    <Library Include="..\..\..\LLVM15\Release\lib\LLVMLanaiDisassembler.lib">
      <Filter>libs</Filter>
    </Library>
    <Library Include="..\..\..\LLVM15\Release\lib\LLVMLanaiInfo.lib">
      <Filter>libs</Filter>
    </Library>
    <Library Include="..\..\..\LLVM15\Release\lib\LLVMLibDriver.lib">
      <Filter>libs</Filter>
    </Library>
    <Library Include="..\..\..\LLVM15\Release\lib\LLVMLineEditor.lib">
      <Filter>libs</Filter>
    </Library>
    <Library Include="..\..\..\LLVM15\Release\lib\LLVMLinker.lib">
      <Filter>libs</Filter>
    </Library>
    <Library Include="..\..\..\LLVM15\Release\lib\LLVMLTO.lib">
      <Filter>libs</Filter>
    </Library>
    <Library Include="..\..\..\LLVM15\Release\lib\LLVMMC.lib">
      <Filter>libs</Filter>
    </Library>
    <Library Include="..\..\..\LLVM15\Release\lib\LLVMMCA.lib">
      <Filter>libs</Filter>
    </Library>
    <Library Include="..\..\..\LLVM15\Release\lib\LLVMMCDisassembler.lib">
      <Filter>libs</Filter>
    </Library>
    <Library Include="..\..\..\LLVM15\Release\lib\LLVMMCJIT.lib">
      <Filter>libs</Filter>
    </Library>
    <Library Include="..\..\..\LLVM15\Release\lib\LLVMMCParser.lib">
      <Filter>libs</Filter>
    </Library>
    <Library Include="..\..\..\LLVM15\Release\lib\LLVMMipsAsmParser.lib">
      <Filter>libs</Filter>
    </Library>
    <Library Include="..\..\..\LLVM15\Release\lib\LLVMMipsCodeGen.lib">
      <Filter>libs</Filter>
    </Library>
    <Library Include="..\..\..\LLVM15\Release\lib\LLVMMipsDesc.lib">
      <Filter>libs</Filter>
    </Library>
    <Library Include="..\..\..\LLVM15\Release\lib\LLVMMipsDisassembler.lib">
      <Filter>libs</Filter>
    </Library>
    <Library Include="..\..\..\LLVM15\Release\lib\LLVMMipsInfo.lib">
      <Filter>libs</Filter>
    </Library>
    <Library Include="..\..\..\LLVM15\Release\lib\LLVMMIRParser.lib">
      <Filter>libs</Filter>
    </Library>
    <Library Include="..\..\..\LLVM15\Release\lib\LLVMMSP430AsmParser.lib">
      <Filter>libs</Filter>
    </Library>
    <Library Include="..\..\..\LLVM15\Release\lib\LLVMMSP430CodeGen.lib">
      <Filter>libs</Filter>
    </Library>
    <Library Include="..\..\..\LLVM15\Release\lib\LLVMMSP430Desc.lib">
      <Filter>libs</Filter>
    </Library>
    <Library Include="..\..\..\LLVM15\Release\lib\LLVMMSP430Disassembler.lib">
      <Filter>libs</Filter>
    </Library>
    <Library Include="..\..\..\LLVM15\Release\lib\LLVMMSP430Info.lib">
      <Filter>libs</Filter>
    </Library>
    <Library Include="..\..\..\LLVM15\Release\lib\LLVMNVPTXCodeGen.lib">
      <Filter>libs</Filter>
    </Library>
    <Library Include="..\..\..\LLVM15\Release\lib\LLVMNVPTXDesc.lib">
      <Filter>libs</Filter>
    </Library>
    <Library Include="..\..\..\LLVM15\Release\lib\LLVMNVPTXInfo.lib">
      <Filter>libs</Filter>
    </Library>
    <Library Include="..\..\..\LLVM15\Release\lib\LLVMObjCARCOpts.lib">
      <Filter>libs</Filter>
    </Library>
    <Library Include="..\..\..\LLVM15\Release\lib\LLVMObjCopy.lib">
      <Filter>libs</Filter>
    </Library>
    <Library Include="..\..\..\LLVM15\Release\lib\LLVMObject.lib">
      <Filter>libs</Filter>
    </Library>
    <Library Include="..\..\..\LLVM15\Release\lib\LLVMObjectYAML.lib">
      <Filter>libs</Filter>
    </Library>
    <Library Include="..\..\..\LLVM15\Release\lib\LLVMOption.lib">
      <Filter>libs</Filter>
    </Library>
    <Library Include="..\..\..\LLVM15\Release\lib\LLVMOrcJIT.lib">
      <Filter>libs</Filter>
    </Library>
    <Library Include="..\..\..\LLVM15\Release\lib\LLVMOrcShared.lib">
      <Filter>libs</Filter>
    </Library>
    <Library Include="..\..\..\LLVM15\Release\lib\LLVMOrcTargetProcess.lib">
      <Filter>libs</Filter>
    </Library>
    <Library Include="..\..\..\LLVM15\Release\lib\LLVMPasses.lib">
      <Filter>libs</Filter>
    </Library>
    <Library Include="..\..\..\LLVM15\Release\lib\LLVMPowerPCAsmParser.lib">
      <Filter>libs</Filter>
    </Library>
    <Library Include="..\..\..\LLVM15\Release\lib\LLVMPowerPCCodeGen.lib">
      <Filter>libs</Filter>
    </Library>
    <Library Include="..\..\..\LLVM15\Release\lib\LLVMPowerPCDesc.lib">
      <Filter>libs</Filter>
    </Library>
    <Library Include="..\..\..\LLVM15\Release\lib\LLVMPowerPCDisassembler.lib">
      <Filter>libs</Filter>
    </Library>
    <Library Include="..\..\..\LLVM15\Release\lib\LLVMPowerPCInfo.lib">
      <Filter>libs</Filter>
    </Library>
    <Library Include="..\..\..\LLVM15\Release\lib\LLVMProfileData.lib">
      <Filter>libs</Filter>
    </Library>
    <Library Include="..\..\..\LLVM15\Release\lib\LLVMRemarks.lib">
      <Filter>libs</Filter>
    </Library>
    <Library Include="..\..\..\LLVM15\Release\lib\LLVMRISCVAsmParser.lib">
      <Filter>libs</Filter>
    </Library>
    <Library Include="..\..\..\LLVM15\Release\lib\LLVMRISCVCodeGen.lib">
      <Filter>libs</Filter>
    </Library>
    <Library Include="..\..\..\LLVM15\Release\lib\LLVMRISCVDesc.lib">
      <Filter>libs</Filter>
    </Library>
    <Library Include="..\..\..\LLVM15\Release\lib\LLVMRISCVDisassembler.lib">
      <Filter>libs</Filter>
    </Library>
    <Library Include="..\..\..\LLVM15\Release\lib\LLVMRISCVInfo.lib">
      <Filter>libs</Filter>
    </Library>
    <Library Include="..\..\..\LLVM15\Release\lib\LLVMRuntimeDyld.lib">
      <Filter>libs</Filter>
    </Library>
    <Library Include="..\..\..\LLVM15\Release\lib\LLVMScalarOpts.lib">
      <Filter>libs</Filter>
    </Library>
    <Library Include="..\..\..\LLVM15\Release\lib\LLVMSelectionDAG.lib">
      <Filter>libs</Filter>
    </Library>
    <Library Include="..\..\..\LLVM15\Release\lib\LLVMSparcAsmParser.lib">
      <Filter>libs</Filter>
    </Library>
    <Library Include="..\..\..\LLVM15\Release\lib\LLVMSparcCodeGen.lib">
      <Filter>libs</Filter>
    </Library>
    <Library Include="..\..\..\LLVM15\Release\lib\LLVMSparcDesc.lib">
      <Filter>libs</Filter>
    </Library>
    <Library Include="..\..\..\LLVM15\Release\lib\LLVMSparcDisassembler.lib">
      <Filter>libs</Filter>
    </Library>
    <Library Include="..\..\..\LLVM15\Release\lib\LLVMSparcInfo.lib">
      <Filter>libs</Filter>
    </Library>
    <Library Include="..\..\..\LLVM15\Release\lib\LLVMSupport.lib">
      <Filter>libs</Filter>
    </Library>
    <Library Include="..\..\..\LLVM15\Release\lib\LLVMSymbolize.lib">
      <Filter>libs</Filter>
    </Library>
    <Library Include="..\..\..\LLVM15\Release\lib\LLVMSystemZAsmParser.lib">
      <Filter>libs</Filter>
    </Library>
    <Library Include="..\..\..\LLVM15\Release\lib\LLVMSystemZCodeGen.lib">
      <Filter>libs</Filter>
    </Library>
    <Library Include="..\..\..\LLVM15\Release\lib\LLVMSystemZDesc.lib">
      <Filter>libs</Filter>
    </Library>
    <Library Include="..\..\..\LLVM15\Release\lib\LLVMSystemZDisassembler.lib">
      <Filter>libs</Filter>
    </Library>
    <Library Include="..\..\..\LLVM15\Release\lib\LLVMSystemZInfo.lib">
      <Filter>libs</Filter>
    </Library>
    <Library Include="..\..\..\LLVM15\Release\lib\LLVMTableGen.lib">
      <Filter>libs</Filter>
    </Library>
    <Library Include="..\..\..\LLVM15\Release\lib\LLVMTableGenGlobalISel.lib">
      <Filter>libs</Filter>
    </Library>
    <Library Include="..\..\..\LLVM15\Release\lib\LLVMTarget.lib">
      <Filter>libs</Filter>
    </Library>
    <Library Include="..\..\..\LLVM15\Release\lib\LLVMTextAPI.lib">
      <Filter>libs</Filter>
    </Library>
    <Library Include="..\..\..\LLVM15\Release\lib\LLVMTransformUtils.lib">
      <Filter>libs</Filter>
    </Library>
    <Library Include="..\..\..\LLVM15\Release\lib\LLVMVEAsmParser.lib">
      <Filter>libs</Filter>
    </Library>
    <Library Include="..\..\..\LLVM15\Release\lib\LLVMVECodeGen.lib">
      <Filter>libs</Filter>
    </Library>
    <Library Include="..\..\..\LLVM15\Release\lib\LLVMVectorize.lib">
      <Filter>libs</Filter>
    </Library>
    <Library Include="..\..\..\LLVM15\Release\lib\LLVMVEDesc.lib">
      <Filter>libs</Filter>
    </Library>
    <Library Include="..\..\..\LLVM15\Release\lib\LLVMVEDisassembler.lib">
      <Filter>libs</Filter>
    </Library>
    <Library Include="..\..\..\LLVM15\Release\lib\LLVMVEInfo.lib">
      <Filter>libs</Filter>
    </Library>
    <Library Include="..\..\..\LLVM15\Release\lib\LLVMWebAssemblyAsmParser.lib">
      <Filter>libs</Filter>
    </Library>
    <Library Include="..\..\..\LLVM15\Release\lib\LLVMWebAssemblyCodeGen.lib">
      <Filter>libs</Filter>
    </Library>
    <Library Include="..\..\..\LLVM15\Release\lib\LLVMWebAssemblyDesc.lib">
      <Filter>libs</Filter>
    </Library>
    <Library Include="..\..\..\LLVM15\Release\lib\LLVMWebAssemblyDisassembler.lib">
      <Filter>libs</Filter>
    </Library>
    <Library Include="..\..\..\LLVM15\Release\lib\LLVMWebAssemblyInfo.lib">
      <Filter>libs</Filter>
    </Library>
    <Library Include="..\..\..\LLVM15\Release\lib\LLVMWebAssemblyUtils.lib">
      <Filter>libs</Filter>
    </Library>
    <Library Include="..\..\..\LLVM15\Release\lib\LLVMWindowsDriver.lib">
      <Filter>libs</Filter>
    </Library>
    <Library Include="..\..\..\LLVM15\Release\lib\LLVMWindowsManifest.lib">
      <Filter>libs</Filter>
    </Library>
    <Library Include="..\..\..\LLVM15\Release\lib\LLVMX86AsmParser.lib">
      <Filter>libs</Filter>
    </Library>
    <Library Include="..\..\..\LLVM15\Release\lib\LLVMX86CodeGen.lib">
      <Filter>libs</Filter>
    </Library>
    <Library Include="..\..\..\LLVM15\Release\lib\LLVMX86Desc.lib">
      <Filter>libs</Filter>
    </Library>
    <Library Include="..\..\..\LLVM15\Release\lib\LLVMX86Disassembler.lib">
      <Filter>libs</Filter>
    </Library>
    <Library Include="..\..\..\LLVM15\Release\lib\LLVMX86Info.lib">
      <Filter>libs</Filter>
    </Library>
    <Library Include="..\..\..\LLVM15\Release\lib\LLVMX86TargetMCA.lib">
      <Filter>libs</Filter>
    </Library>
    <Library Include="..\..\..\LLVM15\Release\lib\LLVMXCoreCodeGen.lib">
      <Filter>libs</Filter>
    </Library>
    <Library Include="..\..\..\LLVM15\Release\lib\LLVMXCoreDesc.lib">
      <Filter>libs</Filter>
    </Library>
    <Library Include="..\..\..\LLVM15\Release\lib\LLVMXCoreDisassembler.lib">
      <Filter>libs</Filter>
    </Library>
    <Library Include="..\..\..\LLVM15\Release\lib\LLVMXCoreInfo.lib">
      <Filter>libs</Filter>
    </Library>
    <Library Include="..\..\..\LLVM15\Release\lib\LLVMXRay.lib">
      <Filter>libs</Filter>
    </Library>
    <Library Include="..\..\..\LLVM15\Release\lib\LTO.lib">
      <Filter>libs</Filter>
    </Library>
    <Library Include="..\..\..\LLVM15\Release\lib\Remarks.lib">
      <Filter>libs</Filter>
    </Library>
  </ItemGroup>
</Project>